langcode: en
status: true
dependencies:
  config:
    - block_content.type.articles_filter
    - field.storage.block_content.field_block
  module:
    - plugin
id: block_content.articles_filter.field_block
field_name: field_block
entity_type: block_content
bundle: articles_filter
label: Block
description: 'A reference to the exposed filter form of the Listing Articles view.'
required: true
translatable: true
default_value:
  -
    plugin_id: 'views_exposed_filter_block:listing_articles-block'
    plugin_configuration:
      id: 'views_exposed_filter_block:listing_articles-block'
      label: ''
      label_display: '0'
      provider: views
      views_label: ''
    plugin_configuration_schema_id: 'block.settings.views_exposed_filter_block:listing_articles-block'
default_value_callback: ''
settings: {  }
field_type: 'plugin:block'
